github.com/adnsv/go-utils v0.5.2 h1:9ugDf3UTQD8zVt2470bjiCPhwdTAoXRYJcUOVuEX7C0=
github.com/adnsv/go-utils v0.5.2/go.mod h1:7eI7D4tJjDcshitHT29rcPZx1U9++OOuUSPw8da7QX4=
github.com/adnsv/slog v1.0.0-rc.7 h1:SGTQxeXMdAQP2+2KlpFMcwPsLSxY6yup1uVTQBkC4Sg=
github.com/adnsv/slog v1.0.0-rc.7/go.mod h1:1qsyFRt14xH+rhdW9LK4Y7vV/P8KKDIwTCCNfKqJZYc=
github.com/blang/semver/v4 v4.0.0 h1:1PFHFE6yCCTv8C1TeyNNarDzntLi7wMI5i/pzqYIsAM=
github.com/blang/semver/v4 v4.0.0/go.mod h1:IbckMUScFkM3pff0VJDNKRiT6TG/YpiHIM2yvyW5YoQ=
golang.org/x/sys v0.0.0-20210923061019-b8560ed6a9b7/go.mod h1:oPkhp1MJrh7nUepCBck5+mAzfO9JrbApNNgaTdGDITg=
golang.org/x/sys v0.0.0-20220919091848-fb04ddd9f9c8 h1:h+EGohizhe9XlX18rfpa8k8RAc5XyaeamM+0VHRd4lc=
golang.org/x/sys v0.0.0-20220919091848-fb04ddd9f9c8/go.mod h1:oPkhp1MJrh7nUepCBck5+mAzfO9JrbApNNgaTdGDITg=
